
Microsoft Visual Studio Solution File, Format Version 12.00
# Visual Studio 15
VisualStudioVersion = 15.0.28307.1000
MinimumVisualStudioVersion = 10.0.40219.1
Project("{8BC9CEB8-8B4A-11D0-8D11-00A0C91BC942}") = "MyTool", "MyTool\MyTool.vcxproj", "{103CB160-C90A-4C70-AB9B-7AED7FB3F953}"
EndProject
Project("{FAE04EC0-301F-11D3-BF4B-00C04F79EFBC}") = "AdvancedDataGridView", "resources\AdvancedDataGridView\AdvancedDataGridView.csproj", "{6EBA0A55-B390-4479-A564-58D46094998D}"
EndProject
Global
	GlobalSection(SolutionConfigurationPlatforms) = preSolution
		Debug|Any CPU = Debug|Any CPU
		Debug|x64 = Debug|x64
		Debug|x86 = Debug|x86
		Release|Any CPU = Release|Any CPU
		Release|x64 = Release|x64
		Release|x86 = Release|x86
	EndGlobalSection
	GlobalSection(ProjectConfigurationPlatforms) = postSolution
		{103CB160-C90A-4C70-AB9B-7AED7FB3F953}.Debug|Any CPU.ActiveCfg = Debug|Win32
		{103CB160-C90A-4C70-AB9B-7AED7FB3F953}.Debug|x64.ActiveCfg = Debug|x64
		{103CB160-C90A-4C70-AB9B-7AED7FB3F953}.Debug|x64.Build.0 = Debug|x64
		{103CB160-C90A-4C70-AB9B-7AED7FB3F953}.Debug|x86.ActiveCfg = Debug|Win32
		{103CB160-C90A-4C70-AB9B-7AED7FB3F953}.Debug|x86.Build.0 = Debug|Win32
		{103CB160-C90A-4C70-AB9B-7AED7FB3F953}.Release|Any CPU.ActiveCfg = Release|Win32
		{103CB160-C90A-4C70-AB9B-7AED7FB3F953}.Release|x64.ActiveCfg = Release|x64
		{103CB160-C90A-4C70-AB9B-7AED7FB3F953}.Release|x64.Build.0 = Release|x64
		{103CB160-C90A-4C70-AB9B-7AED7FB3F953}.Release|x86.ActiveCfg = Release|Win32
		{103CB160-C90A-4C70-AB9B-7AED7FB3F953}.Release|x86.Build.0 = Release|Win32
		{6EBA0A55-B390-4479-A564-58D46094998D}.Debug|Any CPU.ActiveCfg = Debug|Any CPU
		{6EBA0A55-B390-4479-A564-58D46094998D}.Debug|Any CPU.Build.0 = Debug|Any CPU
		{6EBA0A55-B390-4479-A564-58D46094998D}.Debug|x64.ActiveCfg = Debug|Any CPU
		{6EBA0A55-B390-4479-A564-58D46094998D}.Debug|x64.Build.0 = Debug|Any CPU
		{6EBA0A55-B390-4479-A564-58D46094998D}.Debug|x86.ActiveCfg = Debug|Any CPU
		{6EBA0A55-B390-4479-A564-58D46094998D}.Debug|x86.Build.0 = Debug|Any CPU
		{6EBA0A55-B390-4479-A564-58D46094998D}.Release|Any CPU.ActiveCfg = Release|Any CPU
		{6EBA0A55-B390-4479-A564-58D46094998D}.Release|Any CPU.Build.0 = Release|Any CPU
		{6EBA0A55-B390-4479-A564-58D46094998D}.Release|x64.ActiveCfg = Release|Any CPU
		{6EBA0A55-B390-4479-A564-58D46094998D}.Release|x64.Build.0 = Release|Any CPU
		{6EBA0A55-B390-4479-A564-58D46094998D}.Release|x86.ActiveCfg = Release|Any CPU
		{6EBA0A55-B390-4479-A564-58D46094998D}.Release|x86.Build.0 = Release|Any CPU
	EndGlobalSection
	GlobalSection(SolutionProperties) = preSolution
		HideSolutionNode = FALSE
	EndGlobalSection
	GlobalSection(ExtensibilityGlobals) = postSolution
		SolutionGuid = {65F84202-419D-4C7C-AF64-90E98F8CACAB}
	EndGlobalSection
EndGlobal
